
Microsoft Visual Studio Solution File, Format Version 12.00
# Visual Studio 15
VisualStudioVersion = 15.0.28307.779
MinimumVisualStudioVersion = 10.0.40219.1
Project("{FAE04EC0-301F-11D3-BF4B-00C04F79EFBC}") = "F2019Movies", "F2019Movies\F2019Movies.csproj", "{5597180A-706F-421D-8176-9FE7CA63BB4B}"
EndProject
Project("{FAE04EC0-301F-11D3-BF4B-00C04F79EFBC}") = "F2019MoviesTest", "F2019MoviesTest\F2019MoviesTest.csproj", "{31C8283F-1D92-45D6-97D8-E1C1EDB14D8B}"
EndProject
Global
	GlobalSection(SolutionConfigurationPlatforms) = preSolution
		Debug|Any CPU = Debug|Any CPU
		Release|Any CPU = Release|Any CPU
	EndGlobalSection
	GlobalSection(ProjectConfigurationPlatforms) = postSolution
		{5597180A-706F-421D-8176-9FE7CA63BB4B}.Debug|Any CPU.ActiveCfg = Debug|Any CPU
		{5597180A-706F-421D-8176-9FE7CA63BB4B}.Debug|Any CPU.Build.0 = Debug|Any CPU
		{5597180A-706F-421D-8176-9FE7CA63BB4B}.Release|Any CPU.ActiveCfg = Release|Any CPU
		{5597180A-706F-421D-8176-9FE7CA63BB4B}.Release|Any CPU.Build.0 = Release|Any CPU
		{31C8283F-1D92-45D6-97D8-E1C1EDB14D8B}.Debug|Any CPU.ActiveCfg = Debug|Any CPU
		{31C8283F-1D92-45D6-97D8-E1C1EDB14D8B}.Debug|Any CPU.Build.0 = Debug|Any CPU
		{31C8283F-1D92-45D6-97D8-E1C1EDB14D8B}.Release|Any CPU.ActiveCfg = Release|Any CPU
		{31C8283F-1D92-45D6-97D8-E1C1EDB14D8B}.Release|Any CPU.Build.0 = Release|Any CPU
	EndGlobalSection
	GlobalSection(SolutionProperties) = preSolution
		HideSolutionNode = FALSE
	EndGlobalSection
	GlobalSection(ExtensibilityGlobals) = postSolution
		SolutionGuid = {C9A38A1C-A569-4263-A79A-A6FC019ED1C5}
	EndGlobalSection
EndGlobal
